
Microsoft Visual Studio Solution File, Format Version 12.00
# Visual Studio Version 16
VisualStudioVersion = 16.0.31515.178
MinimumVisualStudioVersion = 10.0.40219.1
Project("{888888A0-9F3D-457C-B088-3A5042F75D52}") = "Numerical Analysis", "Numerical Analysis.pyproj", "{955ADE63-93CA-4CF3-9E4C-15FD4E4AC2F6}"
EndProject
Global
	GlobalSection(SolutionConfigurationPlatforms) = preSolution
		Debug|Any CPU = Debug|Any CPU
		Release|Any CPU = Release|Any CPU
	EndGlobalSection
	GlobalSection(ProjectConfigurationPlatforms) = postSolution
		{955ADE63-93CA-4CF3-9E4C-15FD4E4AC2F6}.Debug|Any CPU.ActiveCfg = Debug|Any CPU
		{955ADE63-93CA-4CF3-9E4C-15FD4E4AC2F6}.Release|Any CPU.ActiveCfg = Release|Any CPU
	EndGlobalSection
	GlobalSection(SolutionProperties) = preSolution
		HideSolutionNode = FALSE
	EndGlobalSection
	GlobalSection(ExtensibilityGlobals) = postSolution
		SolutionGuid = {1755CAC2-34A0-4F24-9CA2-361F895F1AB2}
	EndGlobalSection
EndGlobal
